
Microsoft Visual Studio Solution File, Format Version 12.00
# Visual Studio 15
VisualStudioVersion = 15.0.26206.0
MinimumVisualStudioVersion = 10.0.40219.1
Project("{262852C6-CD72-467D-83FE-5EEB1973A190}") = "js_uwp", "js_uwp\js_uwp.jsproj", "{B662104D-4123-4718-A9E0-8DB11DDD5552}"
EndProject
Global
	GlobalSection(SolutionConfigurationPlatforms) = preSolution
		Dell-PC (Debug)|Any CPU = Dell-PC (Debug)|Any CPU
		Dell-PC (Debug)|ARM = Dell-PC (Debug)|ARM
		Dell-PC (Debug)|x64 = Dell-PC (Debug)|x64
		Dell-PC (Debug)|x86 = Dell-PC (Debug)|x86
		Release|Any CPU = Release|Any CPU
		Release|ARM = Release|ARM
		Release|x64 = Release|x64
		Release|x86 = Release|x86
		XBoxOne (Debug)|Any CPU = XBoxOne (Debug)|Any CPU
		XBoxOne (Debug)|ARM = XBoxOne (Debug)|ARM
		XBoxOne (Debug)|x64 = XBoxOne (Debug)|x64
		XBoxOne (Debug)|x86 = XBoxOne (Debug)|x86
	EndGlobalSection
	GlobalSection(ProjectConfigurationPlatforms) = postSolution
		{B662104D-4123-4718-A9E0-8DB11DDD5552}.Dell-PC (Debug)|Any CPU.ActiveCfg = Dell-PC|Any CPU
		{B662104D-4123-4718-A9E0-8DB11DDD5552}.Dell-PC (Debug)|Any CPU.Build.0 = Dell-PC|Any CPU
		{B662104D-4123-4718-A9E0-8DB11DDD5552}.Dell-PC (Debug)|Any CPU.Deploy.0 = Dell-PC|Any CPU
		{B662104D-4123-4718-A9E0-8DB11DDD5552}.Dell-PC (Debug)|ARM.ActiveCfg = Dell-PC|ARM
		{B662104D-4123-4718-A9E0-8DB11DDD5552}.Dell-PC (Debug)|ARM.Build.0 = Dell-PC|ARM
		{B662104D-4123-4718-A9E0-8DB11DDD5552}.Dell-PC (Debug)|ARM.Deploy.0 = Dell-PC|ARM
		{B662104D-4123-4718-A9E0-8DB11DDD5552}.Dell-PC (Debug)|x64.ActiveCfg = Dell-PC|x64
		{B662104D-4123-4718-A9E0-8DB11DDD5552}.Dell-PC (Debug)|x64.Build.0 = Dell-PC|x64
		{B662104D-4123-4718-A9E0-8DB11DDD5552}.Dell-PC (Debug)|x64.Deploy.0 = Dell-PC|x64
		{B662104D-4123-4718-A9E0-8DB11DDD5552}.Dell-PC (Debug)|x86.ActiveCfg = Dell-PC|x86
		{B662104D-4123-4718-A9E0-8DB11DDD5552}.Dell-PC (Debug)|x86.Build.0 = Dell-PC|x86
		{B662104D-4123-4718-A9E0-8DB11DDD5552}.Dell-PC (Debug)|x86.Deploy.0 = Dell-PC|x86
		{B662104D-4123-4718-A9E0-8DB11DDD5552}.Release|Any CPU.ActiveCfg = Release|Any CPU
		{B662104D-4123-4718-A9E0-8DB11DDD5552}.Release|Any CPU.Build.0 = Release|Any CPU
		{B662104D-4123-4718-A9E0-8DB11DDD5552}.Release|Any CPU.Deploy.0 = Release|Any CPU
		{B662104D-4123-4718-A9E0-8DB11DDD5552}.Release|ARM.ActiveCfg = Release|ARM
		{B662104D-4123-4718-A9E0-8DB11DDD5552}.Release|ARM.Build.0 = Release|ARM
		{B662104D-4123-4718-A9E0-8DB11DDD5552}.Release|ARM.Deploy.0 = Release|ARM
		{B662104D-4123-4718-A9E0-8DB11DDD5552}.Release|x64.ActiveCfg = Release|x64
		{B662104D-4123-4718-A9E0-8DB11DDD5552}.Release|x64.Build.0 = Release|x64
		{B662104D-4123-4718-A9E0-8DB11DDD5552}.Release|x64.Deploy.0 = Release|x64
		{B662104D-4123-4718-A9E0-8DB11DDD5552}.Release|x86.ActiveCfg = Release|x86
		{B662104D-4123-4718-A9E0-8DB11DDD5552}.Release|x86.Build.0 = Release|x86
		{B662104D-4123-4718-A9E0-8DB11DDD5552}.Release|x86.Deploy.0 = Release|x86
		{B662104D-4123-4718-A9E0-8DB11DDD5552}.XBoxOne (Debug)|Any CPU.ActiveCfg = Debug|Any CPU
		{B662104D-4123-4718-A9E0-8DB11DDD5552}.XBoxOne (Debug)|Any CPU.Build.0 = Debug|Any CPU
		{B662104D-4123-4718-A9E0-8DB11DDD5552}.XBoxOne (Debug)|Any CPU.Deploy.0 = Debug|Any CPU
		{B662104D-4123-4718-A9E0-8DB11DDD5552}.XBoxOne (Debug)|ARM.ActiveCfg = Debug|ARM
		{B662104D-4123-4718-A9E0-8DB11DDD5552}.XBoxOne (Debug)|ARM.Build.0 = Debug|ARM
		{B662104D-4123-4718-A9E0-8DB11DDD5552}.XBoxOne (Debug)|ARM.Deploy.0 = Debug|ARM
		{B662104D-4123-4718-A9E0-8DB11DDD5552}.XBoxOne (Debug)|x64.ActiveCfg = Debug|x64
		{B662104D-4123-4718-A9E0-8DB11DDD5552}.XBoxOne (Debug)|x64.Build.0 = Debug|x64
		{B662104D-4123-4718-A9E0-8DB11DDD5552}.XBoxOne (Debug)|x64.Deploy.0 = Debug|x64
		{B662104D-4123-4718-A9E0-8DB11DDD5552}.XBoxOne (Debug)|x86.ActiveCfg = Debug|x86
		{B662104D-4123-4718-A9E0-8DB11DDD5552}.XBoxOne (Debug)|x86.Build.0 = Debug|x86
		{B662104D-4123-4718-A9E0-8DB11DDD5552}.XBoxOne (Debug)|x86.Deploy.0 = Debug|x86
	EndGlobalSection
	GlobalSection(SolutionProperties) = preSolution
		HideSolutionNode = FALSE
	EndGlobalSection
EndGlobal
